
Microsoft Visual Studio Solution File, Format Version 12.00
# Visual Studio Version 17
VisualStudioVersion = 17.11.35219.272
MinimumVisualStudioVersion = 10.0.40219.1
Project("{FAE04EC0-301F-11D3-BF4B-00C04F79EFBC}") = "DiaSemana2.0", "DiaSemana2.0\DiaSemana2.0.csproj", "{8E21E226-516E-4023-A919-A348FF30C39C}"
EndProject
Global
	GlobalSection(SolutionConfigurationPlatforms) = preSolution
		Debug|Any CPU = Debug|Any CPU
		Release|Any CPU = Release|Any CPU
	EndGlobalSection
	GlobalSection(ProjectConfigurationPlatforms) = postSolution
		{8E21E226-516E-4023-A919-A348FF30C39C}.Debug|Any CPU.ActiveCfg = Debug|Any CPU
		{8E21E226-516E-4023-A919-A348FF30C39C}.Debug|Any CPU.Build.0 = Debug|Any CPU
		{8E21E226-516E-4023-A919-A348FF30C39C}.Release|Any CPU.ActiveCfg = Release|Any CPU
		{8E21E226-516E-4023-A919-A348FF30C39C}.Release|Any CPU.Build.0 = Release|Any CPU
	EndGlobalSection
	GlobalSection(SolutionProperties) = preSolution
		HideSolutionNode = FALSE
	EndGlobalSection
	GlobalSection(ExtensibilityGlobals) = postSolution
		SolutionGuid = {898C2508-BCA6-43D2-8BB3-3CFDB8DDA90F}
	EndGlobalSection
EndGlobal
